<?xml version="1.0" encoding="utf-8"?>
<Project ToolsVersion="4.0" xmlns="http://schemas.microsoft.com/developer/msbuild/2003">
  <ItemGroup>
    <ClCompile Include="Client.cpp">
      <Filter>main</Filter>
    </ClCompile>
    <ClCompile Include="main.cpp">
      <Filter>main</Filter>
    </ClCompile>
    <ClCompile Include="Process.cpp">
      <Filter>main</Filter>
    </ClCompile>
    <ClCompile Include="Schedule.cpp">
      <Filter>main</Filter>
    </ClCompile>
  </ItemGroup>
  <ItemGroup>
    <ClInclude Include="Client.h">
      <Filter>main</Filter>
    </ClInclude>
    <ClInclude Include="header.h">
      <Filter>main</Filter>
    </ClInclude>
    <ClInclude Include="Process.h">
      <Filter>main</Filter>
    </ClInclude>
    <ClInclude Include="Schedule.h">
      <Filter>main</Filter>
    </ClInclude>
    <ClInclude Include="..\..\include\zsummer_11x\tcpaccept.h">
      <Filter>zsummer_11x\interface</Filter>
    </ClInclude>
    <ClInclude Include="..\..\include\zsummer_11x\tcpsocket.h">
      <Filter>zsummer_11x\interface</Filter>
    </ClInclude>
    <ClInclude Include="..\..\include\zsummer_11x\udpsocket.h">
      <Filter>zsummer_11x\interface</Filter>
    </ClInclude>
    <ClInclude Include="..\..\include\zsummer_11x\zsummer.h">
      <Filter>zsummer_11x\interface</Filter>
    </ClInclude>
    <ClInclude Include="..\..\include\zsummer_11x\timer.h">
      <Filter>zsummer_11x\interface</Filter>
    </ClInclude>
  </ItemGroup>
  <ItemGroup>
    <ClInclude Include="..\..\depends\log4z\log4z.h">
      <Filter>log</Filter>
    </ClInclude>
    <ClInclude Include="..\..\depends\protocol4z\protocol4z.h">
      <Filter>protocol</Filter>
    </ClInclude>
  </ItemGroup>
  <ItemGroup>
    <Filter Include="log">
      <UniqueIdentifier>{02d03eaf-85db-4dd2-9262-51d4670d5d72}</UniqueIdentifier>
    </Filter>
    <Filter Include="protocol">
      <UniqueIdentifier>{5d657f81-5e77-43b2-9a7f-137851983841}</UniqueIdentifier>
    </Filter>
    <Filter Include="main">
      <UniqueIdentifier>{eae75d06-8690-4446-9b92-dd83bc433026}</UniqueIdentifier>
    </Filter>
    <Filter Include="zsummer_11x">
      <UniqueIdentifier>{ffdd01b2-2624-450d-a043-d12e1a690ece}</UniqueIdentifier>
    </Filter>
    <Filter Include="zsummer_11x\interface">
      <UniqueIdentifier>{7264f9df-b800-49cf-8a37-68b453ea3aea}</UniqueIdentifier>
    </Filter>
  </ItemGroup>
</Project>