<?xml version="1.0" encoding="utf-8"?>
<Project ToolsVersion="4.0" xmlns="http://schemas.microsoft.com/developer/msbuild/2003">
  <ItemGroup>
    <ClInclude Include="..\..\include\zsummerX\tcpaccept.h">
      <Filter>zsummerX\interface</Filter>
    </ClInclude>
    <ClInclude Include="..\..\include\zsummerX\tcpsocket.h">
      <Filter>zsummerX\interface</Filter>
    </ClInclude>
    <ClInclude Include="..\..\include\zsummerX\udpsocket.h">
      <Filter>zsummerX\interface</Filter>
    </ClInclude>
    <ClInclude Include="..\..\include\zsummerX\zsummer.h">
      <Filter>zsummerX\interface</Filter>
    </ClInclude>
    <ClInclude Include="..\..\include\zsummerX\timer.h">
      <Filter>zsummerX\interface</Filter>
    </ClInclude>
    <ClInclude Include="..\..\depends\proto4z\proto4z.h">
      <Filter>protocol</Filter>
    </ClInclude>
  </ItemGroup>
  <ItemGroup>
    <ClInclude Include="..\..\depends\log4z\log4z.h">
      <Filter>log</Filter>
    </ClInclude>
  </ItemGroup>
  <ItemGroup>
    <Filter Include="log">
      <UniqueIdentifier>{02d03eaf-85db-4dd2-9262-51d4670d5d72}</UniqueIdentifier>
    </Filter>
    <Filter Include="protocol">
      <UniqueIdentifier>{5d657f81-5e77-43b2-9a7f-137851983841}</UniqueIdentifier>
    </Filter>
    <Filter Include="main">
      <UniqueIdentifier>{eae75d06-8690-4446-9b92-dd83bc433026}</UniqueIdentifier>
    </Filter>
    <Filter Include="zsummerX">
      <UniqueIdentifier>{ffdd01b2-2624-450d-a043-d12e1a690ece}</UniqueIdentifier>
    </Filter>
    <Filter Include="zsummerX\interface">
      <UniqueIdentifier>{7264f9df-b800-49cf-8a37-68b453ea3aea}</UniqueIdentifier>
    </Filter>
  </ItemGroup>
  <ItemGroup>
    <ClCompile Include="FrameHTTPMain.cpp">
      <Filter>main</Filter>
    </ClCompile>
  </ItemGroup>
</Project>