
Microsoft Visual Studio Solution File, Format Version 12.00
# Visual Studio 2013
VisualStudioVersion = 12.0.30723.0
MinimumVisualStudioVersion = 10.0.40219.1
Project("{8BC9CEB8-8B4A-11D0-8D11-00A0C91BC942}") = "zsummerX", "zsummerX.vcxproj", "{06D64BC9-7AD1-40A1-835A-54BCC3ABFE39}"
	ProjectSection(ProjectDependencies) = postProject
		{78726622-CC7B-4CE6-B836-5A124171104C} = {78726622-CC7B-4CE6-B836-5A124171104C}
	EndProjectSection
EndProject
Project("{8BC9CEB8-8B4A-11D0-8D11-00A0C91BC942}") = "log4z", "..\depends\log4z\vc2005\log4z.vcxproj", "{78726622-CC7B-4CE6-B836-5A124171104C}"
EndProject
Project("{8BC9CEB8-8B4A-11D0-8D11-00A0C91BC942}") = "frameTest", "..\example\frameTest\frameTest.vcxproj", "{4359E83A-9761-4DA9-8B82-B832E0767E18}"
	ProjectSection(ProjectDependencies) = postProject
		{78726622-CC7B-4CE6-B836-5A124171104C} = {78726622-CC7B-4CE6-B836-5A124171104C}
		{06D64BC9-7AD1-40A1-835A-54BCC3ABFE39} = {06D64BC9-7AD1-40A1-835A-54BCC3ABFE39}
	EndProjectSection
EndProject
Project("{8BC9CEB8-8B4A-11D0-8D11-00A0C91BC942}") = "tcpTest", "..\example\tcpTest\tcpTest.vcxproj", "{17F06D73-CA62-487F-B1E4-7C8A34E48839}"
	ProjectSection(ProjectDependencies) = postProject
		{78726622-CC7B-4CE6-B836-5A124171104C} = {78726622-CC7B-4CE6-B836-5A124171104C}
		{06D64BC9-7AD1-40A1-835A-54BCC3ABFE39} = {06D64BC9-7AD1-40A1-835A-54BCC3ABFE39}
	EndProjectSection
EndProject
Project("{8BC9CEB8-8B4A-11D0-8D11-00A0C91BC942}") = "udpTest", "..\example\udpTest\udpTest.vcxproj", "{194E3B3C-61AD-429D-8A6A-92978D525E45}"
	ProjectSection(ProjectDependencies) = postProject
		{78726622-CC7B-4CE6-B836-5A124171104C} = {78726622-CC7B-4CE6-B836-5A124171104C}
		{06D64BC9-7AD1-40A1-835A-54BCC3ABFE39} = {06D64BC9-7AD1-40A1-835A-54BCC3ABFE39}
	EndProjectSection
EndProject
Project("{8BC9CEB8-8B4A-11D0-8D11-00A0C91BC942}") = "linux", "..\example\linux\linux.vcxproj", "{B3E829E2-6A0B-41CB-8E6D-AD9B46A2E0F0}"
EndProject
Project("{8BC9CEB8-8B4A-11D0-8D11-00A0C91BC942}") = "boost_ping_pong", "..\example\boost_ping_pong\boost_ping_pong.vcxproj", "{E8D36731-AACA-4D6F-9CD7-E11CA4D71ED8}"
EndProject
Project("{8BC9CEB8-8B4A-11D0-8D11-00A0C91BC942}") = "frameStressTest", "..\example\frameStressTest\frameStressTest.vcxproj", "{EA950C2B-48CB-4FEC-81E8-4CED27BAB732}"
	ProjectSection(ProjectDependencies) = postProject
		{78726622-CC7B-4CE6-B836-5A124171104C} = {78726622-CC7B-4CE6-B836-5A124171104C}
		{06D64BC9-7AD1-40A1-835A-54BCC3ABFE39} = {06D64BC9-7AD1-40A1-835A-54BCC3ABFE39}
	EndProjectSection
EndProject
Project("{8BC9CEB8-8B4A-11D0-8D11-00A0C91BC942}") = "frameHTTPTest", "..\example\frameHTTPTest\frameHTTPTest.vcxproj", "{D7F9B670-2720-491B-A4FF-4121E1E6A4D3}"
	ProjectSection(ProjectDependencies) = postProject
		{06D64BC9-7AD1-40A1-835A-54BCC3ABFE39} = {06D64BC9-7AD1-40A1-835A-54BCC3ABFE39}
	EndProjectSection
EndProject
Global
	GlobalSection(SolutionConfigurationPlatforms) = preSolution
		Debug|Win32 = Debug|Win32
		Debug|x64 = Debug|x64
		Release|Win32 = Release|Win32
		Release|x64 = Release|x64
	EndGlobalSection
	GlobalSection(ProjectConfigurationPlatforms) = postSolution
		{06D64BC9-7AD1-40A1-835A-54BCC3ABFE39}.Debug|Win32.ActiveCfg = Debug|Win32
		{06D64BC9-7AD1-40A1-835A-54BCC3ABFE39}.Debug|Win32.Build.0 = Debug|Win32
		{06D64BC9-7AD1-40A1-835A-54BCC3ABFE39}.Debug|x64.ActiveCfg = Debug|x64
		{06D64BC9-7AD1-40A1-835A-54BCC3ABFE39}.Debug|x64.Build.0 = Debug|x64
		{06D64BC9-7AD1-40A1-835A-54BCC3ABFE39}.Release|Win32.ActiveCfg = Release|Win32
		{06D64BC9-7AD1-40A1-835A-54BCC3ABFE39}.Release|Win32.Build.0 = Release|Win32
		{06D64BC9-7AD1-40A1-835A-54BCC3ABFE39}.Release|x64.ActiveCfg = Release|x64
		{06D64BC9-7AD1-40A1-835A-54BCC3ABFE39}.Release|x64.Build.0 = Release|x64
		{78726622-CC7B-4CE6-B836-5A124171104C}.Debug|Win32.ActiveCfg = Debug|Win32
		{78726622-CC7B-4CE6-B836-5A124171104C}.Debug|Win32.Build.0 = Debug|Win32
		{78726622-CC7B-4CE6-B836-5A124171104C}.Debug|x64.ActiveCfg = Debug|x64
		{78726622-CC7B-4CE6-B836-5A124171104C}.Debug|x64.Build.0 = Debug|x64
		{78726622-CC7B-4CE6-B836-5A124171104C}.Release|Win32.ActiveCfg = Release|Win32
		{78726622-CC7B-4CE6-B836-5A124171104C}.Release|Win32.Build.0 = Release|Win32
		{78726622-CC7B-4CE6-B836-5A124171104C}.Release|x64.ActiveCfg = Release|x64
		{78726622-CC7B-4CE6-B836-5A124171104C}.Release|x64.Build.0 = Release|x64
		{4359E83A-9761-4DA9-8B82-B832E0767E18}.Debug|Win32.ActiveCfg = Debug|Win32
		{4359E83A-9761-4DA9-8B82-B832E0767E18}.Debug|Win32.Build.0 = Debug|Win32
		{4359E83A-9761-4DA9-8B82-B832E0767E18}.Debug|x64.ActiveCfg = Debug|x64
		{4359E83A-9761-4DA9-8B82-B832E0767E18}.Debug|x64.Build.0 = Debug|x64
		{4359E83A-9761-4DA9-8B82-B832E0767E18}.Release|Win32.ActiveCfg = Release|Win32
		{4359E83A-9761-4DA9-8B82-B832E0767E18}.Release|Win32.Build.0 = Release|Win32
		{4359E83A-9761-4DA9-8B82-B832E0767E18}.Release|x64.ActiveCfg = Release|x64
		{4359E83A-9761-4DA9-8B82-B832E0767E18}.Release|x64.Build.0 = Release|x64
		{17F06D73-CA62-487F-B1E4-7C8A34E48839}.Debug|Win32.ActiveCfg = Debug|Win32
		{17F06D73-CA62-487F-B1E4-7C8A34E48839}.Debug|Win32.Build.0 = Debug|Win32
		{17F06D73-CA62-487F-B1E4-7C8A34E48839}.Debug|x64.ActiveCfg = Debug|x64
		{17F06D73-CA62-487F-B1E4-7C8A34E48839}.Debug|x64.Build.0 = Debug|x64
		{17F06D73-CA62-487F-B1E4-7C8A34E48839}.Release|Win32.ActiveCfg = Release|Win32
		{17F06D73-CA62-487F-B1E4-7C8A34E48839}.Release|Win32.Build.0 = Release|Win32
		{17F06D73-CA62-487F-B1E4-7C8A34E48839}.Release|x64.ActiveCfg = Release|x64
		{17F06D73-CA62-487F-B1E4-7C8A34E48839}.Release|x64.Build.0 = Release|x64
		{194E3B3C-61AD-429D-8A6A-92978D525E45}.Debug|Win32.ActiveCfg = Debug|Win32
		{194E3B3C-61AD-429D-8A6A-92978D525E45}.Debug|Win32.Build.0 = Debug|Win32
		{194E3B3C-61AD-429D-8A6A-92978D525E45}.Debug|x64.ActiveCfg = Debug|x64
		{194E3B3C-61AD-429D-8A6A-92978D525E45}.Debug|x64.Build.0 = Debug|x64
		{194E3B3C-61AD-429D-8A6A-92978D525E45}.Release|Win32.ActiveCfg = Release|Win32
		{194E3B3C-61AD-429D-8A6A-92978D525E45}.Release|Win32.Build.0 = Release|Win32
		{194E3B3C-61AD-429D-8A6A-92978D525E45}.Release|x64.ActiveCfg = Release|x64
		{194E3B3C-61AD-429D-8A6A-92978D525E45}.Release|x64.Build.0 = Release|x64
		{B3E829E2-6A0B-41CB-8E6D-AD9B46A2E0F0}.Debug|Win32.ActiveCfg = Debug|Win32
		{B3E829E2-6A0B-41CB-8E6D-AD9B46A2E0F0}.Debug|x64.ActiveCfg = Debug|x64
		{B3E829E2-6A0B-41CB-8E6D-AD9B46A2E0F0}.Release|Win32.ActiveCfg = Release|Win32
		{B3E829E2-6A0B-41CB-8E6D-AD9B46A2E0F0}.Release|x64.ActiveCfg = Release|x64
		{E8D36731-AACA-4D6F-9CD7-E11CA4D71ED8}.Debug|Win32.ActiveCfg = Debug|Win32
		{E8D36731-AACA-4D6F-9CD7-E11CA4D71ED8}.Debug|x64.ActiveCfg = Debug|x64
		{E8D36731-AACA-4D6F-9CD7-E11CA4D71ED8}.Release|Win32.ActiveCfg = Release|Win32
		{E8D36731-AACA-4D6F-9CD7-E11CA4D71ED8}.Release|x64.ActiveCfg = Release|x64
		{EA950C2B-48CB-4FEC-81E8-4CED27BAB732}.Debug|Win32.ActiveCfg = Debug|Win32
		{EA950C2B-48CB-4FEC-81E8-4CED27BAB732}.Debug|Win32.Build.0 = Debug|Win32
		{EA950C2B-48CB-4FEC-81E8-4CED27BAB732}.Debug|x64.ActiveCfg = Debug|x64
		{EA950C2B-48CB-4FEC-81E8-4CED27BAB732}.Debug|x64.Build.0 = Debug|x64
		{EA950C2B-48CB-4FEC-81E8-4CED27BAB732}.Release|Win32.ActiveCfg = Release|Win32
		{EA950C2B-48CB-4FEC-81E8-4CED27BAB732}.Release|Win32.Build.0 = Release|Win32
		{EA950C2B-48CB-4FEC-81E8-4CED27BAB732}.Release|x64.ActiveCfg = Release|x64
		{EA950C2B-48CB-4FEC-81E8-4CED27BAB732}.Release|x64.Build.0 = Release|x64
		{D7F9B670-2720-491B-A4FF-4121E1E6A4D3}.Debug|Win32.ActiveCfg = Debug|Win32
		{D7F9B670-2720-491B-A4FF-4121E1E6A4D3}.Debug|Win32.Build.0 = Debug|Win32
		{D7F9B670-2720-491B-A4FF-4121E1E6A4D3}.Debug|x64.ActiveCfg = Debug|x64
		{D7F9B670-2720-491B-A4FF-4121E1E6A4D3}.Debug|x64.Build.0 = Debug|x64
		{D7F9B670-2720-491B-A4FF-4121E1E6A4D3}.Release|Win32.ActiveCfg = Release|Win32
		{D7F9B670-2720-491B-A4FF-4121E1E6A4D3}.Release|Win32.Build.0 = Release|Win32
		{D7F9B670-2720-491B-A4FF-4121E1E6A4D3}.Release|x64.ActiveCfg = Release|x64
		{D7F9B670-2720-491B-A4FF-4121E1E6A4D3}.Release|x64.Build.0 = Release|x64
	EndGlobalSection
	GlobalSection(SolutionProperties) = preSolution
		HideSolutionNode = FALSE
	EndGlobalSection
EndGlobal
