<?xml version="1.0" encoding="utf-8"?>
<Project ToolsVersion="4.0" xmlns="http://schemas.microsoft.com/developer/msbuild/2003">
  <ItemGroup>
    <Filter Include="src">
      <UniqueIdentifier>{1670c306-e1cc-4a8e-b20d-e1feac7c711b}</UniqueIdentifier>
    </Filter>
    <Filter Include="src\common">
      <UniqueIdentifier>{ec35c1ca-5758-41e1-8298-2a541638767f}</UniqueIdentifier>
    </Filter>
    <Filter Include="src\timmer">
      <UniqueIdentifier>{d7d27401-f32a-4231-868a-d00fa489ff42}</UniqueIdentifier>
    </Filter>
    <Filter Include="src\impl">
      <UniqueIdentifier>{f27d84d5-5f27-4af9-b6c4-e4ccdf6f2b2e}</UniqueIdentifier>
    </Filter>
    <Filter Include="include">
      <UniqueIdentifier>{17eaf74e-bbee-4196-bc57-e394f704ed4c}</UniqueIdentifier>
    </Filter>
    <Filter Include="include\common">
      <UniqueIdentifier>{53c1ed1d-4bad-4633-be41-c6109cbbd811}</UniqueIdentifier>
    </Filter>
    <Filter Include="include\impl">
      <UniqueIdentifier>{a5fcfdcb-d288-45e6-86ab-5f67670fa806}</UniqueIdentifier>
    </Filter>
    <Filter Include="include\interface">
      <UniqueIdentifier>{39e1124e-006c-4e1f-b827-93c4aae1929e}</UniqueIdentifier>
    </Filter>
    <Filter Include="src\frame">
      <UniqueIdentifier>{f45d965e-2242-40d3-b31e-94c6c0371c69}</UniqueIdentifier>
    </Filter>
  </ItemGroup>
  <ItemGroup>
    <ClCompile Include="..\src\common\common.cpp">
      <Filter>src\common</Filter>
    </ClCompile>
    <ClCompile Include="..\src\iocp\iocp_impl.cpp">
      <Filter>src\impl</Filter>
    </ClCompile>
    <ClCompile Include="..\src\iocp\tcpaccept_impl.cpp">
      <Filter>src\impl</Filter>
    </ClCompile>
    <ClCompile Include="..\src\iocp\tcpsocket_impl.cpp">
      <Filter>src\impl</Filter>
    </ClCompile>
    <ClCompile Include="..\src\iocp\udpsocket_impl.cpp">
      <Filter>src\impl</Filter>
    </ClCompile>
    <ClCompile Include="..\src\timer\timer.cpp">
      <Filter>src\timmer</Filter>
    </ClCompile>
    <ClCompile Include="..\src\frame\MessageDispatch.cpp">
      <Filter>src\frame</Filter>
    </ClCompile>
    <ClCompile Include="..\src\frame\TcpSession.cpp">
      <Filter>src\frame</Filter>
    </ClCompile>
    <ClCompile Include="..\src\frame\TcpSessionManager.cpp">
      <Filter>src\frame</Filter>
    </ClCompile>
  </ItemGroup>
  <ItemGroup>
    <ClInclude Include="..\include\zsummerX\common\common.h">
      <Filter>include\common</Filter>
    </ClInclude>
    <ClInclude Include="..\include\zsummerX\iocp\iocp_impl.h">
      <Filter>include\impl</Filter>
    </ClInclude>
    <ClInclude Include="..\include\zsummerX\iocp\tcpaccept_impl.h">
      <Filter>include\impl</Filter>
    </ClInclude>
    <ClInclude Include="..\include\zsummerX\iocp\tcpsocket_impl.h">
      <Filter>include\impl</Filter>
    </ClInclude>
    <ClInclude Include="..\include\zsummerX\iocp\udpsocket_impl.h">
      <Filter>include\impl</Filter>
    </ClInclude>
    <ClInclude Include="..\include\zsummerX\tcpaccept.h">
      <Filter>include\interface</Filter>
    </ClInclude>
    <ClInclude Include="..\include\zsummerX\tcpsocket.h">
      <Filter>include\interface</Filter>
    </ClInclude>
    <ClInclude Include="..\include\zsummerX\udpsocket.h">
      <Filter>include\interface</Filter>
    </ClInclude>
    <ClInclude Include="..\include\zsummerX\zsummer.h">
      <Filter>include\interface</Filter>
    </ClInclude>
    <ClInclude Include="..\include\zsummerX\timer.h">
      <Filter>include\interface</Filter>
    </ClInclude>
    <ClInclude Include="..\include\zsummerX\FrameHeader.h">
      <Filter>include\interface</Filter>
    </ClInclude>
    <ClInclude Include="..\include\zsummerX\MessageDispatch.h">
      <Filter>include\interface</Filter>
    </ClInclude>
    <ClInclude Include="..\include\zsummerX\TcpSession.h">
      <Filter>include\interface</Filter>
    </ClInclude>
    <ClInclude Include="..\include\zsummerX\TcpSessionManager.h">
      <Filter>include\interface</Filter>
    </ClInclude>
  </ItemGroup>
</Project>