<?xml version="1.0" encoding="utf-8"?>
<Project ToolsVersion="4.0" xmlns="http://schemas.microsoft.com/developer/msbuild/2003">
  <ItemGroup>
    <ClCompile Include="..\..\depends\log4z\log4z.cpp">
      <Filter>log</Filter>
    </ClCompile>
    <ClCompile Include="..\..\src\epoll\epoll_impl.cpp">
      <Filter>epoll</Filter>
    </ClCompile>
    <ClCompile Include="..\..\src\epoll\tcpaccept_impl.cpp">
      <Filter>epoll</Filter>
    </ClCompile>
    <ClCompile Include="..\..\src\epoll\tcpsocket_impl.cpp">
      <Filter>epoll</Filter>
    </ClCompile>
    <ClCompile Include="..\..\src\epoll\udpsocket_impl.cpp">
      <Filter>epoll</Filter>
    </ClCompile>
    <ClCompile Include="..\..\src\common\common.cpp">
      <Filter>epoll</Filter>
    </ClCompile>
  </ItemGroup>
  <ItemGroup>
    <ClInclude Include="..\..\depends\log4z\log4z.h">
      <Filter>log</Filter>
    </ClInclude>
    <ClInclude Include="..\..\depends\protocol4z\protocol4z.h">
      <Filter>protocol</Filter>
    </ClInclude>
    <ClInclude Include="..\..\include\zsummerX\epoll\epoll_impl.h">
      <Filter>epoll</Filter>
    </ClInclude>
    <ClInclude Include="..\..\include\zsummerX\epoll\tcpaccept_impl.h">
      <Filter>epoll</Filter>
    </ClInclude>
    <ClInclude Include="..\..\include\zsummerX\epoll\tcpsocket_impl.h">
      <Filter>epoll</Filter>
    </ClInclude>
    <ClInclude Include="..\..\include\zsummerX\epoll\udpsocket_impl.h">
      <Filter>epoll</Filter>
    </ClInclude>
    <ClInclude Include="..\..\include\zsummerX\common\common.h">
      <Filter>epoll</Filter>
    </ClInclude>
    <ClInclude Include="..\..\include\zsummerX\epoll\common_impl.h">
      <Filter>epoll</Filter>
    </ClInclude>
  </ItemGroup>
  <ItemGroup>
    <Filter Include="log">
      <UniqueIdentifier>{02d03eaf-85db-4dd2-9262-51d4670d5d72}</UniqueIdentifier>
    </Filter>
    <Filter Include="protocol">
      <UniqueIdentifier>{6b011759-e949-4564-8601-174bc6f5f5bb}</UniqueIdentifier>
    </Filter>
    <Filter Include="epoll">
      <UniqueIdentifier>{b788592e-3288-4971-9208-ec5b7f498c96}</UniqueIdentifier>
    </Filter>
    <Filter Include="select">
      <UniqueIdentifier>{d4df3dd3-e84c-4eef-bffb-e5647c1b74ad}</UniqueIdentifier>
    </Filter>
  </ItemGroup>
</Project>