<?xml version="1.0" encoding="utf-8"?>
<Project ToolsVersion="4.0" xmlns="http://schemas.microsoft.com/developer/msbuild/2003">
  <ItemGroup>
    <ClCompile Include="..\..\depends\log4z\log4z.cpp">
      <Filter>log</Filter>
    </ClCompile>
    <ClCompile Include="..\..\network\epoll\tcpaccept_impl.cpp">
      <Filter>network</Filter>
    </ClCompile>
    <ClCompile Include="..\..\network\epoll\tcpsocket_impl.cpp">
      <Filter>network</Filter>
    </ClCompile>
    <ClCompile Include="..\..\network\epoll\udpsocket_impl.cpp">
      <Filter>network</Filter>
    </ClCompile>
    <ClCompile Include="..\..\network\epoll\epoll_impl.cpp">
      <Filter>network</Filter>
    </ClCompile>
    <ClCompile Include="..\..\network\common\common.cpp">
      <Filter>network</Filter>
    </ClCompile>
  </ItemGroup>
  <ItemGroup>
    <ClInclude Include="..\..\depends\protocol4z\protocol4z.h" />
    <ClInclude Include="..\..\depends\log4z\log4z.h">
      <Filter>log</Filter>
    </ClInclude>
    <ClInclude Include="..\..\network\epoll\tcpaccept_impl.h">
      <Filter>network</Filter>
    </ClInclude>
    <ClInclude Include="..\..\network\epoll\tcpsocket_impl.h">
      <Filter>network</Filter>
    </ClInclude>
    <ClInclude Include="..\..\network\epoll\udpsocket_impl.h">
      <Filter>network</Filter>
    </ClInclude>
    <ClInclude Include="..\..\network\epoll\epoll_impl.h">
      <Filter>network</Filter>
    </ClInclude>
    <ClInclude Include="..\..\network\tcpaccept.h">
      <Filter>network</Filter>
    </ClInclude>
    <ClInclude Include="..\..\network\tcpsocket.h">
      <Filter>network</Filter>
    </ClInclude>
    <ClInclude Include="..\..\network\udpsocket.h">
      <Filter>network</Filter>
    </ClInclude>
    <ClInclude Include="..\..\network\zsummer.h">
      <Filter>network</Filter>
    </ClInclude>
    <ClInclude Include="..\..\network\common\common.h">
      <Filter>network</Filter>
    </ClInclude>
  </ItemGroup>
  <ItemGroup>
    <Filter Include="log">
      <UniqueIdentifier>{02d03eaf-85db-4dd2-9262-51d4670d5d72}</UniqueIdentifier>
    </Filter>
    <Filter Include="network">
      <UniqueIdentifier>{1670c306-e1cc-4a8e-b20d-e1feac7c711b}</UniqueIdentifier>
    </Filter>
  </ItemGroup>
</Project>